
Microsoft Visual Studio Solution File, Format Version 12.00
# Visual Studio 14
VisualStudioVersion = 14.0.24720.0
MinimumVisualStudioVersion = 10.0.40219.1
Project("{FAE04EC0-301F-11D3-BF4B-00C04F79EFBC}") = "AngularJS-with-O365", "AngularJS-with-O365\AngularJS-with-O365.csproj", "{5F335122-1D01-4356-8644-A8AFF27C81C8}"
EndProject
Project("{FAE04EC0-301F-11D3-BF4B-00C04F79EFBC}") = "UWP-with-O365", "UWP-with-O365\UWP-with-O365.csproj", "{70CCAD1E-0111-4E0F-AEE2-2BB1757CF2AB}"
EndProject
Project("{FAE04EC0-301F-11D3-BF4B-00C04F79EFBC}") = "Console-with-O365", "Console-with-O365\Console-with-O365.csproj", "{2D76F375-55BC-4A41-B301-3EB6DB5077E3}"
EndProject
Project("{FAE04EC0-301F-11D3-BF4B-00C04F79EFBC}") = "Secure-web-API-with-ADAL", "Secure-web-API-with-ADAL\Secure-web-API-with-ADAL.csproj", "{8C863F68-9C7E-42AD-B4B2-BA58AE7458DA}"
EndProject
Project("{2150E333-8FDC-42A3-9474-1A3956D46DE8}") = "scenarios", "scenarios", "{A83F91E4-7923-49A0-AB6F-ADCC28185D5A}"
EndProject
Project("{2150E333-8FDC-42A3-9474-1A3956D46DE8}") = "concepts", "concepts", "{7129B35D-4E5F-493E-A6E5-E67ED86ECF78}"
EndProject
Project("{FAE04EC0-301F-11D3-BF4B-00C04F79EFBC}") = "Upload-file-through-HTTP-Server", "Upload-file-through-HTTP-Server\Upload-file-through-HTTP-Server.csproj", "{D74D2335-A9CB-43C8-B905-19D6BB8A8959}"
EndProject
Project("{FAE04EC0-301F-11D3-BF4B-00C04F79EFBC}") = "Upload-file-through-HTTP-Client", "Upload-file-through-HTTP-Client\Upload-file-through-HTTP-Client.csproj", "{0724B43A-222F-4E31-AD54-9D5D756A744D}"
EndProject
Project("{FAE04EC0-301F-11D3-BF4B-00C04F79EFBC}") = "using-CSOM-with-Console", "using-CSOM-with-Console\using-CSOM-with-Console.csproj", "{D4AB2260-0067-461F-BDDD-16284D2ABD9C}"
EndProject
Project("{FAE04EC0-301F-11D3-BF4B-00C04F79EFBC}") = "SmtpClient-with-O365", "SmtpClient-with-O365\SmtpClient-with-O365.csproj", "{2D9F8A23-E155-452E-ACFE-8F5BBF2DE107}"
EndProject
Project("{FAE04EC0-301F-11D3-BF4B-00C04F79EFBC}") = "WebApp-with-OpenConnectId", "WebApp-with-OpenConnectId\WebApp-with-OpenConnectId.csproj", "{0962D795-3878-46CD-B528-0743BACC169B}"
EndProject
Project("{2150E333-8FDC-42A3-9474-1A3956D46DE8}") = "tools", "tools", "{5D7A147A-534B-440D-A752-DF8F5ABD67B7}"
EndProject
Project("{FAE04EC0-301F-11D3-BF4B-00C04F79EFBC}") = "0365Sandbox", "0365Sandbox\0365Sandbox.csproj", "{281DF31D-DF3A-4FAB-BD04-8BFDFC5C1137}"
EndProject
Project("{FAE04EC0-301F-11D3-BF4B-00C04F79EFBC}") = "Outlook-Notification-Service", "Outlook-Notification-Service\Outlook-Notification-Service.csproj", "{749FF7C0-CDB8-483F-B239-5BF12C34F5B6}"
EndProject
Project("{FAE04EC0-301F-11D3-BF4B-00C04F79EFBC}") = "exchange-managed-api", "exchange-managed-api\exchange-managed-api.csproj", "{4FA215B9-29F4-4AD3-8EE8-D24FFCEB340D}"
EndProject
Project("{FAE04EC0-301F-11D3-BF4B-00C04F79EFBC}") = "OAuth2-basic", "OAuth2-basic\OAuth2-basic.csproj", "{2E962BCE-3711-4C9E-A2E0-5C4A9AF6E23D}"
EndProject
Project("{FAE04EC0-301F-11D3-BF4B-00C04F79EFBC}") = "STS-Server", "STS-Server\STS-Server.csproj", "{05A9B82D-AB6F-4E55-933A-E22B80298093}"
EndProject
Project("{FAE04EC0-301F-11D3-BF4B-00C04F79EFBC}") = "Security-basic", "Security-basic\Security-basic.csproj", "{C5C51D69-8F7E-4B41-9FA4-45675DA657A7}"
EndProject
Project("{FAE04EC0-301F-11D3-BF4B-00C04F79EFBC}") = "Javascript-web", "Javascript-web\Javascript-web.csproj", "{E005E694-0C99-42DF-9A86-ED7265C8CBEF}"
EndProject
Project("{FAE04EC0-301F-11D3-BF4B-00C04F79EFBC}") = "OneDriveSDK-console", "OneDriveSDK-console\OneDriveSDK-console.csproj", "{386AA698-7DA7-4FB3-A9CF-21FD0549E4A3}"
EndProject
Project("{FAE04EC0-301F-11D3-BF4B-00C04F79EFBC}") = "ADAL-for-Dotnet", "ADAL-for-Dotnet\ADAL-for-Dotnet.csproj", "{A7D25B89-1B7E-4A87-96DD-CFCF9D380E82}"
EndProject
Project("{FAE04EC0-301F-11D3-BF4B-00C04F79EFBC}") = "JWT-Token", "JWT-Token\JWT-Token.csproj", "{18D3EE4F-8DE2-47B1-AFD3-58D4BC1C3059}"
EndProject
Project("{FAE04EC0-301F-11D3-BF4B-00C04F79EFBC}") = "AspNetMvc-with-O365", "AspNetMvc-with-O365\AspNetMvc-with-O365.csproj", "{2946743A-9B9A-4388-A20E-1CD43B2F8CFA}"
EndProject
Global
	GlobalSection(SolutionConfigurationPlatforms) = preSolution
		Debug|Any CPU = Debug|Any CPU
		Debug|ARM = Debug|ARM
		Debug|x64 = Debug|x64
		Debug|x86 = Debug|x86
		Release|Any CPU = Release|Any CPU
		Release|ARM = Release|ARM
		Release|x64 = Release|x64
		Release|x86 = Release|x86
	EndGlobalSection
	GlobalSection(ProjectConfigurationPlatforms) = postSolution
		{5F335122-1D01-4356-8644-A8AFF27C81C8}.Debug|Any CPU.ActiveCfg = Debug|Any CPU
		{5F335122-1D01-4356-8644-A8AFF27C81C8}.Debug|Any CPU.Build.0 = Debug|Any CPU
		{5F335122-1D01-4356-8644-A8AFF27C81C8}.Debug|ARM.ActiveCfg = Debug|Any CPU
		{5F335122-1D01-4356-8644-A8AFF27C81C8}.Debug|ARM.Build.0 = Debug|Any CPU
		{5F335122-1D01-4356-8644-A8AFF27C81C8}.Debug|x64.ActiveCfg = Debug|Any CPU
		{5F335122-1D01-4356-8644-A8AFF27C81C8}.Debug|x64.Build.0 = Debug|Any CPU
		{5F335122-1D01-4356-8644-A8AFF27C81C8}.Debug|x86.ActiveCfg = Debug|Any CPU
		{5F335122-1D01-4356-8644-A8AFF27C81C8}.Debug|x86.Build.0 = Debug|Any CPU
		{5F335122-1D01-4356-8644-A8AFF27C81C8}.Release|Any CPU.ActiveCfg = Release|Any CPU
		{5F335122-1D01-4356-8644-A8AFF27C81C8}.Release|Any CPU.Build.0 = Release|Any CPU
		{5F335122-1D01-4356-8644-A8AFF27C81C8}.Release|ARM.ActiveCfg = Release|Any CPU
		{5F335122-1D01-4356-8644-A8AFF27C81C8}.Release|ARM.Build.0 = Release|Any CPU
		{5F335122-1D01-4356-8644-A8AFF27C81C8}.Release|x64.ActiveCfg = Release|Any CPU
		{5F335122-1D01-4356-8644-A8AFF27C81C8}.Release|x64.Build.0 = Release|Any CPU
		{5F335122-1D01-4356-8644-A8AFF27C81C8}.Release|x86.ActiveCfg = Release|Any CPU
		{5F335122-1D01-4356-8644-A8AFF27C81C8}.Release|x86.Build.0 = Release|Any CPU
		{70CCAD1E-0111-4E0F-AEE2-2BB1757CF2AB}.Debug|Any CPU.ActiveCfg = Debug|x86
		{70CCAD1E-0111-4E0F-AEE2-2BB1757CF2AB}.Debug|ARM.ActiveCfg = Debug|ARM
		{70CCAD1E-0111-4E0F-AEE2-2BB1757CF2AB}.Debug|ARM.Build.0 = Debug|ARM
		{70CCAD1E-0111-4E0F-AEE2-2BB1757CF2AB}.Debug|ARM.Deploy.0 = Debug|ARM
		{70CCAD1E-0111-4E0F-AEE2-2BB1757CF2AB}.Debug|x64.ActiveCfg = Debug|x64
		{70CCAD1E-0111-4E0F-AEE2-2BB1757CF2AB}.Debug|x64.Build.0 = Debug|x64
		{70CCAD1E-0111-4E0F-AEE2-2BB1757CF2AB}.Debug|x64.Deploy.0 = Debug|x64
		{70CCAD1E-0111-4E0F-AEE2-2BB1757CF2AB}.Debug|x86.ActiveCfg = Debug|x86
		{70CCAD1E-0111-4E0F-AEE2-2BB1757CF2AB}.Debug|x86.Build.0 = Debug|x86
		{70CCAD1E-0111-4E0F-AEE2-2BB1757CF2AB}.Debug|x86.Deploy.0 = Debug|x86
		{70CCAD1E-0111-4E0F-AEE2-2BB1757CF2AB}.Release|Any CPU.ActiveCfg = Release|x86
		{70CCAD1E-0111-4E0F-AEE2-2BB1757CF2AB}.Release|ARM.ActiveCfg = Release|ARM
		{70CCAD1E-0111-4E0F-AEE2-2BB1757CF2AB}.Release|ARM.Build.0 = Release|ARM
		{70CCAD1E-0111-4E0F-AEE2-2BB1757CF2AB}.Release|ARM.Deploy.0 = Release|ARM
		{70CCAD1E-0111-4E0F-AEE2-2BB1757CF2AB}.Release|x64.ActiveCfg = Release|x64
		{70CCAD1E-0111-4E0F-AEE2-2BB1757CF2AB}.Release|x64.Build.0 = Release|x64
		{70CCAD1E-0111-4E0F-AEE2-2BB1757CF2AB}.Release|x64.Deploy.0 = Release|x64
		{70CCAD1E-0111-4E0F-AEE2-2BB1757CF2AB}.Release|x86.ActiveCfg = Release|x86
		{70CCAD1E-0111-4E0F-AEE2-2BB1757CF2AB}.Release|x86.Build.0 = Release|x86
		{70CCAD1E-0111-4E0F-AEE2-2BB1757CF2AB}.Release|x86.Deploy.0 = Release|x86
		{2D76F375-55BC-4A41-B301-3EB6DB5077E3}.Debug|Any CPU.ActiveCfg = Debug|Any CPU
		{2D76F375-55BC-4A41-B301-3EB6DB5077E3}.Debug|Any CPU.Build.0 = Debug|Any CPU
		{2D76F375-55BC-4A41-B301-3EB6DB5077E3}.Debug|ARM.ActiveCfg = Debug|Any CPU
		{2D76F375-55BC-4A41-B301-3EB6DB5077E3}.Debug|ARM.Build.0 = Debug|Any CPU
		{2D76F375-55BC-4A41-B301-3EB6DB5077E3}.Debug|x64.ActiveCfg = Debug|Any CPU
		{2D76F375-55BC-4A41-B301-3EB6DB5077E3}.Debug|x64.Build.0 = Debug|Any CPU
		{2D76F375-55BC-4A41-B301-3EB6DB5077E3}.Debug|x86.ActiveCfg = Debug|Any CPU
		{2D76F375-55BC-4A41-B301-3EB6DB5077E3}.Debug|x86.Build.0 = Debug|Any CPU
		{2D76F375-55BC-4A41-B301-3EB6DB5077E3}.Release|Any CPU.ActiveCfg = Release|Any CPU
		{2D76F375-55BC-4A41-B301-3EB6DB5077E3}.Release|Any CPU.Build.0 = Release|Any CPU
		{2D76F375-55BC-4A41-B301-3EB6DB5077E3}.Release|ARM.ActiveCfg = Release|Any CPU
		{2D76F375-55BC-4A41-B301-3EB6DB5077E3}.Release|ARM.Build.0 = Release|Any CPU
		{2D76F375-55BC-4A41-B301-3EB6DB5077E3}.Release|x64.ActiveCfg = Release|Any CPU
		{2D76F375-55BC-4A41-B301-3EB6DB5077E3}.Release|x64.Build.0 = Release|Any CPU
		{2D76F375-55BC-4A41-B301-3EB6DB5077E3}.Release|x86.ActiveCfg = Release|Any CPU
		{2D76F375-55BC-4A41-B301-3EB6DB5077E3}.Release|x86.Build.0 = Release|Any CPU
		{8C863F68-9C7E-42AD-B4B2-BA58AE7458DA}.Debug|Any CPU.ActiveCfg = Debug|Any CPU
		{8C863F68-9C7E-42AD-B4B2-BA58AE7458DA}.Debug|Any CPU.Build.0 = Debug|Any CPU
		{8C863F68-9C7E-42AD-B4B2-BA58AE7458DA}.Debug|ARM.ActiveCfg = Debug|Any CPU
		{8C863F68-9C7E-42AD-B4B2-BA58AE7458DA}.Debug|ARM.Build.0 = Debug|Any CPU
		{8C863F68-9C7E-42AD-B4B2-BA58AE7458DA}.Debug|x64.ActiveCfg = Debug|Any CPU
		{8C863F68-9C7E-42AD-B4B2-BA58AE7458DA}.Debug|x64.Build.0 = Debug|Any CPU
		{8C863F68-9C7E-42AD-B4B2-BA58AE7458DA}.Debug|x86.ActiveCfg = Debug|Any CPU
		{8C863F68-9C7E-42AD-B4B2-BA58AE7458DA}.Debug|x86.Build.0 = Debug|Any CPU
		{8C863F68-9C7E-42AD-B4B2-BA58AE7458DA}.Release|Any CPU.ActiveCfg = Release|Any CPU
		{8C863F68-9C7E-42AD-B4B2-BA58AE7458DA}.Release|Any CPU.Build.0 = Release|Any CPU
		{8C863F68-9C7E-42AD-B4B2-BA58AE7458DA}.Release|ARM.ActiveCfg = Release|Any CPU
		{8C863F68-9C7E-42AD-B4B2-BA58AE7458DA}.Release|ARM.Build.0 = Release|Any CPU
		{8C863F68-9C7E-42AD-B4B2-BA58AE7458DA}.Release|x64.ActiveCfg = Release|Any CPU
		{8C863F68-9C7E-42AD-B4B2-BA58AE7458DA}.Release|x64.Build.0 = Release|Any CPU
		{8C863F68-9C7E-42AD-B4B2-BA58AE7458DA}.Release|x86.ActiveCfg = Release|Any CPU
		{8C863F68-9C7E-42AD-B4B2-BA58AE7458DA}.Release|x86.Build.0 = Release|Any CPU
		{D74D2335-A9CB-43C8-B905-19D6BB8A8959}.Debug|Any CPU.ActiveCfg = Debug|Any CPU
		{D74D2335-A9CB-43C8-B905-19D6BB8A8959}.Debug|Any CPU.Build.0 = Debug|Any CPU
		{D74D2335-A9CB-43C8-B905-19D6BB8A8959}.Debug|ARM.ActiveCfg = Debug|Any CPU
		{D74D2335-A9CB-43C8-B905-19D6BB8A8959}.Debug|ARM.Build.0 = Debug|Any CPU
		{D74D2335-A9CB-43C8-B905-19D6BB8A8959}.Debug|x64.ActiveCfg = Debug|Any CPU
		{D74D2335-A9CB-43C8-B905-19D6BB8A8959}.Debug|x64.Build.0 = Debug|Any CPU
		{D74D2335-A9CB-43C8-B905-19D6BB8A8959}.Debug|x86.ActiveCfg = Debug|Any CPU
		{D74D2335-A9CB-43C8-B905-19D6BB8A8959}.Debug|x86.Build.0 = Debug|Any CPU
		{D74D2335-A9CB-43C8-B905-19D6BB8A8959}.Release|Any CPU.ActiveCfg = Release|Any CPU
		{D74D2335-A9CB-43C8-B905-19D6BB8A8959}.Release|Any CPU.Build.0 = Release|Any CPU
		{D74D2335-A9CB-43C8-B905-19D6BB8A8959}.Release|ARM.ActiveCfg = Release|Any CPU
		{D74D2335-A9CB-43C8-B905-19D6BB8A8959}.Release|ARM.Build.0 = Release|Any CPU
		{D74D2335-A9CB-43C8-B905-19D6BB8A8959}.Release|x64.ActiveCfg = Release|Any CPU
		{D74D2335-A9CB-43C8-B905-19D6BB8A8959}.Release|x64.Build.0 = Release|Any CPU
		{D74D2335-A9CB-43C8-B905-19D6BB8A8959}.Release|x86.ActiveCfg = Release|Any CPU
		{D74D2335-A9CB-43C8-B905-19D6BB8A8959}.Release|x86.Build.0 = Release|Any CPU
		{0724B43A-222F-4E31-AD54-9D5D756A744D}.Debug|Any CPU.ActiveCfg = Debug|Any CPU
		{0724B43A-222F-4E31-AD54-9D5D756A744D}.Debug|Any CPU.Build.0 = Debug|Any CPU
		{0724B43A-222F-4E31-AD54-9D5D756A744D}.Debug|ARM.ActiveCfg = Debug|Any CPU
		{0724B43A-222F-4E31-AD54-9D5D756A744D}.Debug|ARM.Build.0 = Debug|Any CPU
		{0724B43A-222F-4E31-AD54-9D5D756A744D}.Debug|x64.ActiveCfg = Debug|Any CPU
		{0724B43A-222F-4E31-AD54-9D5D756A744D}.Debug|x64.Build.0 = Debug|Any CPU
		{0724B43A-222F-4E31-AD54-9D5D756A744D}.Debug|x86.ActiveCfg = Debug|Any CPU
		{0724B43A-222F-4E31-AD54-9D5D756A744D}.Debug|x86.Build.0 = Debug|Any CPU
		{0724B43A-222F-4E31-AD54-9D5D756A744D}.Release|Any CPU.ActiveCfg = Release|Any CPU
		{0724B43A-222F-4E31-AD54-9D5D756A744D}.Release|Any CPU.Build.0 = Release|Any CPU
		{0724B43A-222F-4E31-AD54-9D5D756A744D}.Release|ARM.ActiveCfg = Release|Any CPU
		{0724B43A-222F-4E31-AD54-9D5D756A744D}.Release|ARM.Build.0 = Release|Any CPU
		{0724B43A-222F-4E31-AD54-9D5D756A744D}.Release|x64.ActiveCfg = Release|Any CPU
		{0724B43A-222F-4E31-AD54-9D5D756A744D}.Release|x64.Build.0 = Release|Any CPU
		{0724B43A-222F-4E31-AD54-9D5D756A744D}.Release|x86.ActiveCfg = Release|Any CPU
		{0724B43A-222F-4E31-AD54-9D5D756A744D}.Release|x86.Build.0 = Release|Any CPU
		{D4AB2260-0067-461F-BDDD-16284D2ABD9C}.Debug|Any CPU.ActiveCfg = Debug|Any CPU
		{D4AB2260-0067-461F-BDDD-16284D2ABD9C}.Debug|Any CPU.Build.0 = Debug|Any CPU
		{D4AB2260-0067-461F-BDDD-16284D2ABD9C}.Debug|ARM.ActiveCfg = Debug|Any CPU
		{D4AB2260-0067-461F-BDDD-16284D2ABD9C}.Debug|ARM.Build.0 = Debug|Any CPU
		{D4AB2260-0067-461F-BDDD-16284D2ABD9C}.Debug|x64.ActiveCfg = Debug|Any CPU
		{D4AB2260-0067-461F-BDDD-16284D2ABD9C}.Debug|x64.Build.0 = Debug|Any CPU
		{D4AB2260-0067-461F-BDDD-16284D2ABD9C}.Debug|x86.ActiveCfg = Debug|Any CPU
		{D4AB2260-0067-461F-BDDD-16284D2ABD9C}.Debug|x86.Build.0 = Debug|Any CPU
		{D4AB2260-0067-461F-BDDD-16284D2ABD9C}.Release|Any CPU.ActiveCfg = Release|Any CPU
		{D4AB2260-0067-461F-BDDD-16284D2ABD9C}.Release|Any CPU.Build.0 = Release|Any CPU
		{D4AB2260-0067-461F-BDDD-16284D2ABD9C}.Release|ARM.ActiveCfg = Release|Any CPU
		{D4AB2260-0067-461F-BDDD-16284D2ABD9C}.Release|ARM.Build.0 = Release|Any CPU
		{D4AB2260-0067-461F-BDDD-16284D2ABD9C}.Release|x64.ActiveCfg = Release|Any CPU
		{D4AB2260-0067-461F-BDDD-16284D2ABD9C}.Release|x64.Build.0 = Release|Any CPU
		{D4AB2260-0067-461F-BDDD-16284D2ABD9C}.Release|x86.ActiveCfg = Release|Any CPU
		{D4AB2260-0067-461F-BDDD-16284D2ABD9C}.Release|x86.Build.0 = Release|Any CPU
		{2D9F8A23-E155-452E-ACFE-8F5BBF2DE107}.Debug|Any CPU.ActiveCfg = Debug|Any CPU
		{2D9F8A23-E155-452E-ACFE-8F5BBF2DE107}.Debug|Any CPU.Build.0 = Debug|Any CPU
		{2D9F8A23-E155-452E-ACFE-8F5BBF2DE107}.Debug|ARM.ActiveCfg = Debug|Any CPU
		{2D9F8A23-E155-452E-ACFE-8F5BBF2DE107}.Debug|ARM.Build.0 = Debug|Any CPU
		{2D9F8A23-E155-452E-ACFE-8F5BBF2DE107}.Debug|x64.ActiveCfg = Debug|Any CPU
		{2D9F8A23-E155-452E-ACFE-8F5BBF2DE107}.Debug|x64.Build.0 = Debug|Any CPU
		{2D9F8A23-E155-452E-ACFE-8F5BBF2DE107}.Debug|x86.ActiveCfg = Debug|Any CPU
		{2D9F8A23-E155-452E-ACFE-8F5BBF2DE107}.Debug|x86.Build.0 = Debug|Any CPU
		{2D9F8A23-E155-452E-ACFE-8F5BBF2DE107}.Release|Any CPU.ActiveCfg = Release|Any CPU
		{2D9F8A23-E155-452E-ACFE-8F5BBF2DE107}.Release|Any CPU.Build.0 = Release|Any CPU
		{2D9F8A23-E155-452E-ACFE-8F5BBF2DE107}.Release|ARM.ActiveCfg = Release|Any CPU
		{2D9F8A23-E155-452E-ACFE-8F5BBF2DE107}.Release|ARM.Build.0 = Release|Any CPU
		{2D9F8A23-E155-452E-ACFE-8F5BBF2DE107}.Release|x64.ActiveCfg = Release|Any CPU
		{2D9F8A23-E155-452E-ACFE-8F5BBF2DE107}.Release|x64.Build.0 = Release|Any CPU
		{2D9F8A23-E155-452E-ACFE-8F5BBF2DE107}.Release|x86.ActiveCfg = Release|Any CPU
		{2D9F8A23-E155-452E-ACFE-8F5BBF2DE107}.Release|x86.Build.0 = Release|Any CPU
		{0962D795-3878-46CD-B528-0743BACC169B}.Debug|Any CPU.ActiveCfg = Debug|Any CPU
		{0962D795-3878-46CD-B528-0743BACC169B}.Debug|Any CPU.Build.0 = Debug|Any CPU
		{0962D795-3878-46CD-B528-0743BACC169B}.Debug|ARM.ActiveCfg = Debug|Any CPU
		{0962D795-3878-46CD-B528-0743BACC169B}.Debug|ARM.Build.0 = Debug|Any CPU
		{0962D795-3878-46CD-B528-0743BACC169B}.Debug|x64.ActiveCfg = Debug|Any CPU
		{0962D795-3878-46CD-B528-0743BACC169B}.Debug|x64.Build.0 = Debug|Any CPU
		{0962D795-3878-46CD-B528-0743BACC169B}.Debug|x86.ActiveCfg = Debug|Any CPU
		{0962D795-3878-46CD-B528-0743BACC169B}.Debug|x86.Build.0 = Debug|Any CPU
		{0962D795-3878-46CD-B528-0743BACC169B}.Release|Any CPU.ActiveCfg = Release|Any CPU
		{0962D795-3878-46CD-B528-0743BACC169B}.Release|Any CPU.Build.0 = Release|Any CPU
		{0962D795-3878-46CD-B528-0743BACC169B}.Release|ARM.ActiveCfg = Release|Any CPU
		{0962D795-3878-46CD-B528-0743BACC169B}.Release|ARM.Build.0 = Release|Any CPU
		{0962D795-3878-46CD-B528-0743BACC169B}.Release|x64.ActiveCfg = Release|Any CPU
		{0962D795-3878-46CD-B528-0743BACC169B}.Release|x64.Build.0 = Release|Any CPU
		{0962D795-3878-46CD-B528-0743BACC169B}.Release|x86.ActiveCfg = Release|Any CPU
		{0962D795-3878-46CD-B528-0743BACC169B}.Release|x86.Build.0 = Release|Any CPU
		{281DF31D-DF3A-4FAB-BD04-8BFDFC5C1137}.Debug|Any CPU.ActiveCfg = Debug|Any CPU
		{281DF31D-DF3A-4FAB-BD04-8BFDFC5C1137}.Debug|Any CPU.Build.0 = Debug|Any CPU
		{281DF31D-DF3A-4FAB-BD04-8BFDFC5C1137}.Debug|ARM.ActiveCfg = Debug|Any CPU
		{281DF31D-DF3A-4FAB-BD04-8BFDFC5C1137}.Debug|ARM.Build.0 = Debug|Any CPU
		{281DF31D-DF3A-4FAB-BD04-8BFDFC5C1137}.Debug|x64.ActiveCfg = Debug|Any CPU
		{281DF31D-DF3A-4FAB-BD04-8BFDFC5C1137}.Debug|x64.Build.0 = Debug|Any CPU
		{281DF31D-DF3A-4FAB-BD04-8BFDFC5C1137}.Debug|x86.ActiveCfg = Debug|Any CPU
		{281DF31D-DF3A-4FAB-BD04-8BFDFC5C1137}.Debug|x86.Build.0 = Debug|Any CPU
		{281DF31D-DF3A-4FAB-BD04-8BFDFC5C1137}.Release|Any CPU.ActiveCfg = Release|Any CPU
		{281DF31D-DF3A-4FAB-BD04-8BFDFC5C1137}.Release|Any CPU.Build.0 = Release|Any CPU
		{281DF31D-DF3A-4FAB-BD04-8BFDFC5C1137}.Release|ARM.ActiveCfg = Release|Any CPU
		{281DF31D-DF3A-4FAB-BD04-8BFDFC5C1137}.Release|ARM.Build.0 = Release|Any CPU
		{281DF31D-DF3A-4FAB-BD04-8BFDFC5C1137}.Release|x64.ActiveCfg = Release|Any CPU
		{281DF31D-DF3A-4FAB-BD04-8BFDFC5C1137}.Release|x64.Build.0 = Release|Any CPU
		{281DF31D-DF3A-4FAB-BD04-8BFDFC5C1137}.Release|x86.ActiveCfg = Release|Any CPU
		{281DF31D-DF3A-4FAB-BD04-8BFDFC5C1137}.Release|x86.Build.0 = Release|Any CPU
		{749FF7C0-CDB8-483F-B239-5BF12C34F5B6}.Debug|Any CPU.ActiveCfg = Debug|Any CPU
		{749FF7C0-CDB8-483F-B239-5BF12C34F5B6}.Debug|Any CPU.Build.0 = Debug|Any CPU
		{749FF7C0-CDB8-483F-B239-5BF12C34F5B6}.Debug|ARM.ActiveCfg = Debug|Any CPU
		{749FF7C0-CDB8-483F-B239-5BF12C34F5B6}.Debug|ARM.Build.0 = Debug|Any CPU
		{749FF7C0-CDB8-483F-B239-5BF12C34F5B6}.Debug|x64.ActiveCfg = Debug|Any CPU
		{749FF7C0-CDB8-483F-B239-5BF12C34F5B6}.Debug|x64.Build.0 = Debug|Any CPU
		{749FF7C0-CDB8-483F-B239-5BF12C34F5B6}.Debug|x86.ActiveCfg = Debug|Any CPU
		{749FF7C0-CDB8-483F-B239-5BF12C34F5B6}.Debug|x86.Build.0 = Debug|Any CPU
		{749FF7C0-CDB8-483F-B239-5BF12C34F5B6}.Release|Any CPU.ActiveCfg = Release|Any CPU
		{749FF7C0-CDB8-483F-B239-5BF12C34F5B6}.Release|Any CPU.Build.0 = Release|Any CPU
		{749FF7C0-CDB8-483F-B239-5BF12C34F5B6}.Release|ARM.ActiveCfg = Release|Any CPU
		{749FF7C0-CDB8-483F-B239-5BF12C34F5B6}.Release|ARM.Build.0 = Release|Any CPU
		{749FF7C0-CDB8-483F-B239-5BF12C34F5B6}.Release|x64.ActiveCfg = Release|Any CPU
		{749FF7C0-CDB8-483F-B239-5BF12C34F5B6}.Release|x64.Build.0 = Release|Any CPU
		{749FF7C0-CDB8-483F-B239-5BF12C34F5B6}.Release|x86.ActiveCfg = Release|Any CPU
		{749FF7C0-CDB8-483F-B239-5BF12C34F5B6}.Release|x86.Build.0 = Release|Any CPU
		{4FA215B9-29F4-4AD3-8EE8-D24FFCEB340D}.Debug|Any CPU.ActiveCfg = Debug|Any CPU
		{4FA215B9-29F4-4AD3-8EE8-D24FFCEB340D}.Debug|Any CPU.Build.0 = Debug|Any CPU
		{4FA215B9-29F4-4AD3-8EE8-D24FFCEB340D}.Debug|ARM.ActiveCfg = Debug|Any CPU
		{4FA215B9-29F4-4AD3-8EE8-D24FFCEB340D}.Debug|ARM.Build.0 = Debug|Any CPU
		{4FA215B9-29F4-4AD3-8EE8-D24FFCEB340D}.Debug|x64.ActiveCfg = Debug|Any CPU
		{4FA215B9-29F4-4AD3-8EE8-D24FFCEB340D}.Debug|x64.Build.0 = Debug|Any CPU
		{4FA215B9-29F4-4AD3-8EE8-D24FFCEB340D}.Debug|x86.ActiveCfg = Debug|Any CPU
		{4FA215B9-29F4-4AD3-8EE8-D24FFCEB340D}.Debug|x86.Build.0 = Debug|Any CPU
		{4FA215B9-29F4-4AD3-8EE8-D24FFCEB340D}.Release|Any CPU.ActiveCfg = Release|Any CPU
		{4FA215B9-29F4-4AD3-8EE8-D24FFCEB340D}.Release|Any CPU.Build.0 = Release|Any CPU
		{4FA215B9-29F4-4AD3-8EE8-D24FFCEB340D}.Release|ARM.ActiveCfg = Release|Any CPU
		{4FA215B9-29F4-4AD3-8EE8-D24FFCEB340D}.Release|ARM.Build.0 = Release|Any CPU
		{4FA215B9-29F4-4AD3-8EE8-D24FFCEB340D}.Release|x64.ActiveCfg = Release|Any CPU
		{4FA215B9-29F4-4AD3-8EE8-D24FFCEB340D}.Release|x64.Build.0 = Release|Any CPU
		{4FA215B9-29F4-4AD3-8EE8-D24FFCEB340D}.Release|x86.ActiveCfg = Release|Any CPU
		{4FA215B9-29F4-4AD3-8EE8-D24FFCEB340D}.Release|x86.Build.0 = Release|Any CPU
		{2E962BCE-3711-4C9E-A2E0-5C4A9AF6E23D}.Debug|Any CPU.ActiveCfg = Debug|Any CPU
		{2E962BCE-3711-4C9E-A2E0-5C4A9AF6E23D}.Debug|Any CPU.Build.0 = Debug|Any CPU
		{2E962BCE-3711-4C9E-A2E0-5C4A9AF6E23D}.Debug|ARM.ActiveCfg = Debug|Any CPU
		{2E962BCE-3711-4C9E-A2E0-5C4A9AF6E23D}.Debug|ARM.Build.0 = Debug|Any CPU
		{2E962BCE-3711-4C9E-A2E0-5C4A9AF6E23D}.Debug|x64.ActiveCfg = Debug|Any CPU
		{2E962BCE-3711-4C9E-A2E0-5C4A9AF6E23D}.Debug|x64.Build.0 = Debug|Any CPU
		{2E962BCE-3711-4C9E-A2E0-5C4A9AF6E23D}.Debug|x86.ActiveCfg = Debug|Any CPU
		{2E962BCE-3711-4C9E-A2E0-5C4A9AF6E23D}.Debug|x86.Build.0 = Debug|Any CPU
		{2E962BCE-3711-4C9E-A2E0-5C4A9AF6E23D}.Release|Any CPU.ActiveCfg = Release|Any CPU
		{2E962BCE-3711-4C9E-A2E0-5C4A9AF6E23D}.Release|Any CPU.Build.0 = Release|Any CPU
		{2E962BCE-3711-4C9E-A2E0-5C4A9AF6E23D}.Release|ARM.ActiveCfg = Release|Any CPU
		{2E962BCE-3711-4C9E-A2E0-5C4A9AF6E23D}.Release|ARM.Build.0 = Release|Any CPU
		{2E962BCE-3711-4C9E-A2E0-5C4A9AF6E23D}.Release|x64.ActiveCfg = Release|Any CPU
		{2E962BCE-3711-4C9E-A2E0-5C4A9AF6E23D}.Release|x64.Build.0 = Release|Any CPU
		{2E962BCE-3711-4C9E-A2E0-5C4A9AF6E23D}.Release|x86.ActiveCfg = Release|Any CPU
		{2E962BCE-3711-4C9E-A2E0-5C4A9AF6E23D}.Release|x86.Build.0 = Release|Any CPU
		{05A9B82D-AB6F-4E55-933A-E22B80298093}.Debug|Any CPU.ActiveCfg = Debug|Any CPU
		{05A9B82D-AB6F-4E55-933A-E22B80298093}.Debug|Any CPU.Build.0 = Debug|Any CPU
		{05A9B82D-AB6F-4E55-933A-E22B80298093}.Debug|ARM.ActiveCfg = Debug|Any CPU
		{05A9B82D-AB6F-4E55-933A-E22B80298093}.Debug|ARM.Build.0 = Debug|Any CPU
		{05A9B82D-AB6F-4E55-933A-E22B80298093}.Debug|x64.ActiveCfg = Debug|Any CPU
		{05A9B82D-AB6F-4E55-933A-E22B80298093}.Debug|x64.Build.0 = Debug|Any CPU
		{05A9B82D-AB6F-4E55-933A-E22B80298093}.Debug|x86.ActiveCfg = Debug|Any CPU
		{05A9B82D-AB6F-4E55-933A-E22B80298093}.Debug|x86.Build.0 = Debug|Any CPU
		{05A9B82D-AB6F-4E55-933A-E22B80298093}.Release|Any CPU.ActiveCfg = Release|Any CPU
		{05A9B82D-AB6F-4E55-933A-E22B80298093}.Release|Any CPU.Build.0 = Release|Any CPU
		{05A9B82D-AB6F-4E55-933A-E22B80298093}.Release|ARM.ActiveCfg = Release|Any CPU
		{05A9B82D-AB6F-4E55-933A-E22B80298093}.Release|ARM.Build.0 = Release|Any CPU
		{05A9B82D-AB6F-4E55-933A-E22B80298093}.Release|x64.ActiveCfg = Release|Any CPU
		{05A9B82D-AB6F-4E55-933A-E22B80298093}.Release|x64.Build.0 = Release|Any CPU
		{05A9B82D-AB6F-4E55-933A-E22B80298093}.Release|x86.ActiveCfg = Release|Any CPU
		{05A9B82D-AB6F-4E55-933A-E22B80298093}.Release|x86.Build.0 = Release|Any CPU
		{C5C51D69-8F7E-4B41-9FA4-45675DA657A7}.Debug|Any CPU.ActiveCfg = Debug|Any CPU
		{C5C51D69-8F7E-4B41-9FA4-45675DA657A7}.Debug|Any CPU.Build.0 = Debug|Any CPU
		{C5C51D69-8F7E-4B41-9FA4-45675DA657A7}.Debug|ARM.ActiveCfg = Debug|Any CPU
		{C5C51D69-8F7E-4B41-9FA4-45675DA657A7}.Debug|ARM.Build.0 = Debug|Any CPU
		{C5C51D69-8F7E-4B41-9FA4-45675DA657A7}.Debug|x64.ActiveCfg = Debug|Any CPU
		{C5C51D69-8F7E-4B41-9FA4-45675DA657A7}.Debug|x64.Build.0 = Debug|Any CPU
		{C5C51D69-8F7E-4B41-9FA4-45675DA657A7}.Debug|x86.ActiveCfg = Debug|Any CPU
		{C5C51D69-8F7E-4B41-9FA4-45675DA657A7}.Debug|x86.Build.0 = Debug|Any CPU
		{C5C51D69-8F7E-4B41-9FA4-45675DA657A7}.Release|Any CPU.ActiveCfg = Release|Any CPU
		{C5C51D69-8F7E-4B41-9FA4-45675DA657A7}.Release|Any CPU.Build.0 = Release|Any CPU
		{C5C51D69-8F7E-4B41-9FA4-45675DA657A7}.Release|ARM.ActiveCfg = Release|Any CPU
		{C5C51D69-8F7E-4B41-9FA4-45675DA657A7}.Release|ARM.Build.0 = Release|Any CPU
		{C5C51D69-8F7E-4B41-9FA4-45675DA657A7}.Release|x64.ActiveCfg = Release|Any CPU
		{C5C51D69-8F7E-4B41-9FA4-45675DA657A7}.Release|x64.Build.0 = Release|Any CPU
		{C5C51D69-8F7E-4B41-9FA4-45675DA657A7}.Release|x86.ActiveCfg = Release|Any CPU
		{C5C51D69-8F7E-4B41-9FA4-45675DA657A7}.Release|x86.Build.0 = Release|Any CPU
		{E005E694-0C99-42DF-9A86-ED7265C8CBEF}.Debug|Any CPU.ActiveCfg = Debug|Any CPU
		{E005E694-0C99-42DF-9A86-ED7265C8CBEF}.Debug|Any CPU.Build.0 = Debug|Any CPU
		{E005E694-0C99-42DF-9A86-ED7265C8CBEF}.Debug|ARM.ActiveCfg = Debug|Any CPU
		{E005E694-0C99-42DF-9A86-ED7265C8CBEF}.Debug|ARM.Build.0 = Debug|Any CPU
		{E005E694-0C99-42DF-9A86-ED7265C8CBEF}.Debug|x64.ActiveCfg = Debug|Any CPU
		{E005E694-0C99-42DF-9A86-ED7265C8CBEF}.Debug|x64.Build.0 = Debug|Any CPU
		{E005E694-0C99-42DF-9A86-ED7265C8CBEF}.Debug|x86.ActiveCfg = Debug|Any CPU
		{E005E694-0C99-42DF-9A86-ED7265C8CBEF}.Debug|x86.Build.0 = Debug|Any CPU
		{E005E694-0C99-42DF-9A86-ED7265C8CBEF}.Release|Any CPU.ActiveCfg = Release|Any CPU
		{E005E694-0C99-42DF-9A86-ED7265C8CBEF}.Release|Any CPU.Build.0 = Release|Any CPU
		{E005E694-0C99-42DF-9A86-ED7265C8CBEF}.Release|ARM.ActiveCfg = Release|Any CPU
		{E005E694-0C99-42DF-9A86-ED7265C8CBEF}.Release|ARM.Build.0 = Release|Any CPU
		{E005E694-0C99-42DF-9A86-ED7265C8CBEF}.Release|x64.ActiveCfg = Release|Any CPU
		{E005E694-0C99-42DF-9A86-ED7265C8CBEF}.Release|x64.Build.0 = Release|Any CPU
		{E005E694-0C99-42DF-9A86-ED7265C8CBEF}.Release|x86.ActiveCfg = Release|Any CPU
		{E005E694-0C99-42DF-9A86-ED7265C8CBEF}.Release|x86.Build.0 = Release|Any CPU
		{386AA698-7DA7-4FB3-A9CF-21FD0549E4A3}.Debug|Any CPU.ActiveCfg = Debug|Any CPU
		{386AA698-7DA7-4FB3-A9CF-21FD0549E4A3}.Debug|Any CPU.Build.0 = Debug|Any CPU
		{386AA698-7DA7-4FB3-A9CF-21FD0549E4A3}.Debug|ARM.ActiveCfg = Debug|Any CPU
		{386AA698-7DA7-4FB3-A9CF-21FD0549E4A3}.Debug|ARM.Build.0 = Debug|Any CPU
		{386AA698-7DA7-4FB3-A9CF-21FD0549E4A3}.Debug|x64.ActiveCfg = Debug|Any CPU
		{386AA698-7DA7-4FB3-A9CF-21FD0549E4A3}.Debug|x64.Build.0 = Debug|Any CPU
		{386AA698-7DA7-4FB3-A9CF-21FD0549E4A3}.Debug|x86.ActiveCfg = Debug|Any CPU
		{386AA698-7DA7-4FB3-A9CF-21FD0549E4A3}.Debug|x86.Build.0 = Debug|Any CPU
		{386AA698-7DA7-4FB3-A9CF-21FD0549E4A3}.Release|Any CPU.ActiveCfg = Release|Any CPU
		{386AA698-7DA7-4FB3-A9CF-21FD0549E4A3}.Release|Any CPU.Build.0 = Release|Any CPU
		{386AA698-7DA7-4FB3-A9CF-21FD0549E4A3}.Release|ARM.ActiveCfg = Release|Any CPU
		{386AA698-7DA7-4FB3-A9CF-21FD0549E4A3}.Release|ARM.Build.0 = Release|Any CPU
		{386AA698-7DA7-4FB3-A9CF-21FD0549E4A3}.Release|x64.ActiveCfg = Release|Any CPU
		{386AA698-7DA7-4FB3-A9CF-21FD0549E4A3}.Release|x64.Build.0 = Release|Any CPU
		{386AA698-7DA7-4FB3-A9CF-21FD0549E4A3}.Release|x86.ActiveCfg = Release|Any CPU
		{386AA698-7DA7-4FB3-A9CF-21FD0549E4A3}.Release|x86.Build.0 = Release|Any CPU
		{A7D25B89-1B7E-4A87-96DD-CFCF9D380E82}.Debug|Any CPU.ActiveCfg = Debug|Any CPU
		{A7D25B89-1B7E-4A87-96DD-CFCF9D380E82}.Debug|Any CPU.Build.0 = Debug|Any CPU
		{A7D25B89-1B7E-4A87-96DD-CFCF9D380E82}.Debug|ARM.ActiveCfg = Debug|Any CPU
		{A7D25B89-1B7E-4A87-96DD-CFCF9D380E82}.Debug|ARM.Build.0 = Debug|Any CPU
		{A7D25B89-1B7E-4A87-96DD-CFCF9D380E82}.Debug|x64.ActiveCfg = Debug|Any CPU
		{A7D25B89-1B7E-4A87-96DD-CFCF9D380E82}.Debug|x64.Build.0 = Debug|Any CPU
		{A7D25B89-1B7E-4A87-96DD-CFCF9D380E82}.Debug|x86.ActiveCfg = Debug|Any CPU
		{A7D25B89-1B7E-4A87-96DD-CFCF9D380E82}.Debug|x86.Build.0 = Debug|Any CPU
		{A7D25B89-1B7E-4A87-96DD-CFCF9D380E82}.Release|Any CPU.ActiveCfg = Release|Any CPU
		{A7D25B89-1B7E-4A87-96DD-CFCF9D380E82}.Release|Any CPU.Build.0 = Release|Any CPU
		{A7D25B89-1B7E-4A87-96DD-CFCF9D380E82}.Release|ARM.ActiveCfg = Release|Any CPU
		{A7D25B89-1B7E-4A87-96DD-CFCF9D380E82}.Release|ARM.Build.0 = Release|Any CPU
		{A7D25B89-1B7E-4A87-96DD-CFCF9D380E82}.Release|x64.ActiveCfg = Release|Any CPU
		{A7D25B89-1B7E-4A87-96DD-CFCF9D380E82}.Release|x64.Build.0 = Release|Any CPU
		{A7D25B89-1B7E-4A87-96DD-CFCF9D380E82}.Release|x86.ActiveCfg = Release|Any CPU
		{A7D25B89-1B7E-4A87-96DD-CFCF9D380E82}.Release|x86.Build.0 = Release|Any CPU
		{18D3EE4F-8DE2-47B1-AFD3-58D4BC1C3059}.Debug|Any CPU.ActiveCfg = Debug|Any CPU
		{18D3EE4F-8DE2-47B1-AFD3-58D4BC1C3059}.Debug|Any CPU.Build.0 = Debug|Any CPU
		{18D3EE4F-8DE2-47B1-AFD3-58D4BC1C3059}.Debug|ARM.ActiveCfg = Debug|Any CPU
		{18D3EE4F-8DE2-47B1-AFD3-58D4BC1C3059}.Debug|ARM.Build.0 = Debug|Any CPU
		{18D3EE4F-8DE2-47B1-AFD3-58D4BC1C3059}.Debug|x64.ActiveCfg = Debug|Any CPU
		{18D3EE4F-8DE2-47B1-AFD3-58D4BC1C3059}.Debug|x64.Build.0 = Debug|Any CPU
		{18D3EE4F-8DE2-47B1-AFD3-58D4BC1C3059}.Debug|x86.ActiveCfg = Debug|Any CPU
		{18D3EE4F-8DE2-47B1-AFD3-58D4BC1C3059}.Debug|x86.Build.0 = Debug|Any CPU
		{18D3EE4F-8DE2-47B1-AFD3-58D4BC1C3059}.Release|Any CPU.ActiveCfg = Release|Any CPU
		{18D3EE4F-8DE2-47B1-AFD3-58D4BC1C3059}.Release|Any CPU.Build.0 = Release|Any CPU
		{18D3EE4F-8DE2-47B1-AFD3-58D4BC1C3059}.Release|ARM.ActiveCfg = Release|Any CPU
		{18D3EE4F-8DE2-47B1-AFD3-58D4BC1C3059}.Release|ARM.Build.0 = Release|Any CPU
		{18D3EE4F-8DE2-47B1-AFD3-58D4BC1C3059}.Release|x64.ActiveCfg = Release|Any CPU
		{18D3EE4F-8DE2-47B1-AFD3-58D4BC1C3059}.Release|x64.Build.0 = Release|Any CPU
		{18D3EE4F-8DE2-47B1-AFD3-58D4BC1C3059}.Release|x86.ActiveCfg = Release|Any CPU
		{18D3EE4F-8DE2-47B1-AFD3-58D4BC1C3059}.Release|x86.Build.0 = Release|Any CPU
		{2946743A-9B9A-4388-A20E-1CD43B2F8CFA}.Debug|Any CPU.ActiveCfg = Debug|Any CPU
		{2946743A-9B9A-4388-A20E-1CD43B2F8CFA}.Debug|Any CPU.Build.0 = Debug|Any CPU
		{2946743A-9B9A-4388-A20E-1CD43B2F8CFA}.Debug|ARM.ActiveCfg = Debug|Any CPU
		{2946743A-9B9A-4388-A20E-1CD43B2F8CFA}.Debug|ARM.Build.0 = Debug|Any CPU
		{2946743A-9B9A-4388-A20E-1CD43B2F8CFA}.Debug|x64.ActiveCfg = Debug|Any CPU
		{2946743A-9B9A-4388-A20E-1CD43B2F8CFA}.Debug|x64.Build.0 = Debug|Any CPU
		{2946743A-9B9A-4388-A20E-1CD43B2F8CFA}.Debug|x86.ActiveCfg = Debug|Any CPU
		{2946743A-9B9A-4388-A20E-1CD43B2F8CFA}.Debug|x86.Build.0 = Debug|Any CPU
		{2946743A-9B9A-4388-A20E-1CD43B2F8CFA}.Release|Any CPU.ActiveCfg = Release|Any CPU
		{2946743A-9B9A-4388-A20E-1CD43B2F8CFA}.Release|Any CPU.Build.0 = Release|Any CPU
		{2946743A-9B9A-4388-A20E-1CD43B2F8CFA}.Release|ARM.ActiveCfg = Release|Any CPU
		{2946743A-9B9A-4388-A20E-1CD43B2F8CFA}.Release|ARM.Build.0 = Release|Any CPU
		{2946743A-9B9A-4388-A20E-1CD43B2F8CFA}.Release|x64.ActiveCfg = Release|Any CPU
		{2946743A-9B9A-4388-A20E-1CD43B2F8CFA}.Release|x64.Build.0 = Release|Any CPU
		{2946743A-9B9A-4388-A20E-1CD43B2F8CFA}.Release|x86.ActiveCfg = Release|Any CPU
		{2946743A-9B9A-4388-A20E-1CD43B2F8CFA}.Release|x86.Build.0 = Release|Any CPU
	EndGlobalSection
	GlobalSection(SolutionProperties) = preSolution
		HideSolutionNode = FALSE
	EndGlobalSection
	GlobalSection(NestedProjects) = preSolution
		{5F335122-1D01-4356-8644-A8AFF27C81C8} = {A83F91E4-7923-49A0-AB6F-ADCC28185D5A}
		{70CCAD1E-0111-4E0F-AEE2-2BB1757CF2AB} = {A83F91E4-7923-49A0-AB6F-ADCC28185D5A}
		{2D76F375-55BC-4A41-B301-3EB6DB5077E3} = {A83F91E4-7923-49A0-AB6F-ADCC28185D5A}
		{8C863F68-9C7E-42AD-B4B2-BA58AE7458DA} = {7129B35D-4E5F-493E-A6E5-E67ED86ECF78}
		{D74D2335-A9CB-43C8-B905-19D6BB8A8959} = {7129B35D-4E5F-493E-A6E5-E67ED86ECF78}
		{0724B43A-222F-4E31-AD54-9D5D756A744D} = {7129B35D-4E5F-493E-A6E5-E67ED86ECF78}
		{D4AB2260-0067-461F-BDDD-16284D2ABD9C} = {A83F91E4-7923-49A0-AB6F-ADCC28185D5A}
		{2D9F8A23-E155-452E-ACFE-8F5BBF2DE107} = {A83F91E4-7923-49A0-AB6F-ADCC28185D5A}
		{0962D795-3878-46CD-B528-0743BACC169B} = {7129B35D-4E5F-493E-A6E5-E67ED86ECF78}
		{281DF31D-DF3A-4FAB-BD04-8BFDFC5C1137} = {5D7A147A-534B-440D-A752-DF8F5ABD67B7}
		{749FF7C0-CDB8-483F-B239-5BF12C34F5B6} = {7129B35D-4E5F-493E-A6E5-E67ED86ECF78}
		{4FA215B9-29F4-4AD3-8EE8-D24FFCEB340D} = {A83F91E4-7923-49A0-AB6F-ADCC28185D5A}
		{2E962BCE-3711-4C9E-A2E0-5C4A9AF6E23D} = {7129B35D-4E5F-493E-A6E5-E67ED86ECF78}
		{05A9B82D-AB6F-4E55-933A-E22B80298093} = {7129B35D-4E5F-493E-A6E5-E67ED86ECF78}
		{C5C51D69-8F7E-4B41-9FA4-45675DA657A7} = {7129B35D-4E5F-493E-A6E5-E67ED86ECF78}
		{E005E694-0C99-42DF-9A86-ED7265C8CBEF} = {A83F91E4-7923-49A0-AB6F-ADCC28185D5A}
		{386AA698-7DA7-4FB3-A9CF-21FD0549E4A3} = {A83F91E4-7923-49A0-AB6F-ADCC28185D5A}
		{A7D25B89-1B7E-4A87-96DD-CFCF9D380E82} = {7129B35D-4E5F-493E-A6E5-E67ED86ECF78}
		{18D3EE4F-8DE2-47B1-AFD3-58D4BC1C3059} = {7129B35D-4E5F-493E-A6E5-E67ED86ECF78}
		{2946743A-9B9A-4388-A20E-1CD43B2F8CFA} = {A83F91E4-7923-49A0-AB6F-ADCC28185D5A}
	EndGlobalSection
EndGlobal
